
Microsoft Visual Studio Solution File, Format Version 12.00
# Visual Studio Version 17
VisualStudioVersion = 17.2.32630.192
MinimumVisualStudioVersion = 10.0.40219.1
Project("{FAE04EC0-301F-11D3-BF4B-00C04F79EFBC}") = "Больше_Меньше", "Больше_Меньше.csproj", "{78ED7B54-27FF-49BD-A899-B72A378F64CF}"
EndProject
Global
	GlobalSection(SolutionConfigurationPlatforms) = preSolution
		Debug|Any CPU = Debug|Any CPU
		Release|Any CPU = Release|Any CPU
	EndGlobalSection
	GlobalSection(ProjectConfigurationPlatforms) = postSolution
		{78ED7B54-27FF-49BD-A899-B72A378F64CF}.Debug|Any CPU.ActiveCfg = Debug|Any CPU
		{78ED7B54-27FF-49BD-A899-B72A378F64CF}.Debug|Any CPU.Build.0 = Debug|Any CPU
		{78ED7B54-27FF-49BD-A899-B72A378F64CF}.Release|Any CPU.ActiveCfg = Release|Any CPU
		{78ED7B54-27FF-49BD-A899-B72A378F64CF}.Release|Any CPU.Build.0 = Release|Any CPU
	EndGlobalSection
	GlobalSection(SolutionProperties) = preSolution
		HideSolutionNode = FALSE
	EndGlobalSection
	GlobalSection(ExtensibilityGlobals) = postSolution
		SolutionGuid = {438A9CC3-B788-4469-B639-1B53A9A6BE51}
	EndGlobalSection
EndGlobal
